
Microsoft Visual Studio Solution File, Format Version 12.00
# Visual Studio 15
VisualStudioVersion = 15.0.26403.7
MinimumVisualStudioVersion = 10.0.40219.1
Project("{FAE04EC0-301F-11D3-BF4B-00C04F79EFBC}") = "AluraLoja", "AluraLoja\AluraLoja.csproj", "{D59A32D0-B933-45D7-8922-483BF3C08524}"
EndProject
Project("{FAE04EC0-301F-11D3-BF4B-00C04F79EFBC}") = "CSharpCollections", "CSharpCollections\CSharpCollections.csproj", "{7D5D2DE5-1222-4981-B746-80BD4C22F991}"
EndProject
Project("{FAE04EC0-301F-11D3-BF4B-00C04F79EFBC}") = "A12Listas", "A12Listas\A12Listas.csproj", "{AE87DF0B-15A4-42E5-9129-A76F6BEDCA40}"
EndProject
Project("{FAE04EC0-301F-11D3-BF4B-00C04F79EFBC}") = "A23ListasDeObjetos", "A23ListasDeObjetos\A23ListasDeObjetos.csproj", "{C966B423-ABEB-4F30-A117-18171AF480DC}"
EndProject
Project("{FAE04EC0-301F-11D3-BF4B-00C04F79EFBC}") = "A24ListaSomenteLeitura", "A24ListaSomenteLeitura\A24ListaSomenteLeitura.csproj", "{1A38F8D9-4431-4232-934E-0FEF68B2E522}"
EndProject
Project("{FAE04EC0-301F-11D3-BF4B-00C04F79EFBC}") = "A25OrdenandoESomando", "A25OrdenandoESomando\A25OrdenandoESomando.csproj", "{1DF32D17-A477-4C07-A04E-9C5A5CB6DF42}"
EndProject
Global
	GlobalSection(SolutionConfigurationPlatforms) = preSolution
		Debug|Any CPU = Debug|Any CPU
		Release|Any CPU = Release|Any CPU
	EndGlobalSection
	GlobalSection(ProjectConfigurationPlatforms) = postSolution
		{D59A32D0-B933-45D7-8922-483BF3C08524}.Debug|Any CPU.ActiveCfg = Debug|Any CPU
		{D59A32D0-B933-45D7-8922-483BF3C08524}.Debug|Any CPU.Build.0 = Debug|Any CPU
		{D59A32D0-B933-45D7-8922-483BF3C08524}.Release|Any CPU.ActiveCfg = Release|Any CPU
		{D59A32D0-B933-45D7-8922-483BF3C08524}.Release|Any CPU.Build.0 = Release|Any CPU
		{7D5D2DE5-1222-4981-B746-80BD4C22F991}.Debug|Any CPU.ActiveCfg = Debug|Any CPU
		{7D5D2DE5-1222-4981-B746-80BD4C22F991}.Debug|Any CPU.Build.0 = Debug|Any CPU
		{7D5D2DE5-1222-4981-B746-80BD4C22F991}.Release|Any CPU.ActiveCfg = Release|Any CPU
		{7D5D2DE5-1222-4981-B746-80BD4C22F991}.Release|Any CPU.Build.0 = Release|Any CPU
		{AE87DF0B-15A4-42E5-9129-A76F6BEDCA40}.Debug|Any CPU.ActiveCfg = Debug|Any CPU
		{AE87DF0B-15A4-42E5-9129-A76F6BEDCA40}.Debug|Any CPU.Build.0 = Debug|Any CPU
		{AE87DF0B-15A4-42E5-9129-A76F6BEDCA40}.Release|Any CPU.ActiveCfg = Release|Any CPU
		{AE87DF0B-15A4-42E5-9129-A76F6BEDCA40}.Release|Any CPU.Build.0 = Release|Any CPU
		{C966B423-ABEB-4F30-A117-18171AF480DC}.Debug|Any CPU.ActiveCfg = Debug|Any CPU
		{C966B423-ABEB-4F30-A117-18171AF480DC}.Debug|Any CPU.Build.0 = Debug|Any CPU
		{C966B423-ABEB-4F30-A117-18171AF480DC}.Release|Any CPU.ActiveCfg = Release|Any CPU
		{C966B423-ABEB-4F30-A117-18171AF480DC}.Release|Any CPU.Build.0 = Release|Any CPU
		{1A38F8D9-4431-4232-934E-0FEF68B2E522}.Debug|Any CPU.ActiveCfg = Debug|Any CPU
		{1A38F8D9-4431-4232-934E-0FEF68B2E522}.Debug|Any CPU.Build.0 = Debug|Any CPU
		{1A38F8D9-4431-4232-934E-0FEF68B2E522}.Release|Any CPU.ActiveCfg = Release|Any CPU
		{1A38F8D9-4431-4232-934E-0FEF68B2E522}.Release|Any CPU.Build.0 = Release|Any CPU
		{1DF32D17-A477-4C07-A04E-9C5A5CB6DF42}.Debug|Any CPU.ActiveCfg = Debug|Any CPU
		{1DF32D17-A477-4C07-A04E-9C5A5CB6DF42}.Debug|Any CPU.Build.0 = Debug|Any CPU
		{1DF32D17-A477-4C07-A04E-9C5A5CB6DF42}.Release|Any CPU.ActiveCfg = Release|Any CPU
		{1DF32D17-A477-4C07-A04E-9C5A5CB6DF42}.Release|Any CPU.Build.0 = Release|Any CPU
	EndGlobalSection
	GlobalSection(SolutionProperties) = preSolution
		HideSolutionNode = FALSE
	EndGlobalSection
	GlobalSection(ExtensibilityGlobals) = postSolution
		SolutionGuid = {C2DE267F-4DFC-499E-85FF-EFC06ECFA69C}
	EndGlobalSection
EndGlobal
